
Microsoft Visual Studio Solution File, Format Version 12.00
# Visual Studio Version 16
VisualStudioVersion = 16.0.31019.35
MinimumVisualStudioVersion = 10.0.40219.1
Project("{FAE04EC0-301F-11D3-BF4B-00C04F79EFBC}") = "App2.Android", "App2.Android\App2.Android.csproj", "{11226A95-D3D0-4F20-A3A0-9091A69CDED0}"
EndProject
Project("{FAE04EC0-301F-11D3-BF4B-00C04F79EFBC}") = "App2", "App2\App2.csproj", "{BC57F5C8-3E54-4A66-9517-DA6FCBA08837}"
EndProject
Global
	GlobalSection(SolutionConfigurationPlatforms) = preSolution
		Debug|Any CPU = Debug|Any CPU
		Release|Any CPU = Release|Any CPU
	EndGlobalSection
	GlobalSection(ProjectConfigurationPlatforms) = postSolution
		{11226A95-D3D0-4F20-A3A0-9091A69CDED0}.Debug|Any CPU.ActiveCfg = Debug|Any CPU
		{11226A95-D3D0-4F20-A3A0-9091A69CDED0}.Debug|Any CPU.Build.0 = Debug|Any CPU
		{11226A95-D3D0-4F20-A3A0-9091A69CDED0}.Debug|Any CPU.Deploy.0 = Debug|Any CPU
		{11226A95-D3D0-4F20-A3A0-9091A69CDED0}.Release|Any CPU.ActiveCfg = Release|Any CPU
		{11226A95-D3D0-4F20-A3A0-9091A69CDED0}.Release|Any CPU.Build.0 = Release|Any CPU
		{11226A95-D3D0-4F20-A3A0-9091A69CDED0}.Release|Any CPU.Deploy.0 = Release|Any CPU
		{BC57F5C8-3E54-4A66-9517-DA6FCBA08837}.Debug|Any CPU.ActiveCfg = Debug|Any CPU
		{BC57F5C8-3E54-4A66-9517-DA6FCBA08837}.Debug|Any CPU.Build.0 = Debug|Any CPU
		{BC57F5C8-3E54-4A66-9517-DA6FCBA08837}.Debug|Any CPU.Deploy.0 = Debug|Any CPU
		{BC57F5C8-3E54-4A66-9517-DA6FCBA08837}.Release|Any CPU.ActiveCfg = Release|Any CPU
		{BC57F5C8-3E54-4A66-9517-DA6FCBA08837}.Release|Any CPU.Build.0 = Release|Any CPU
		{BC57F5C8-3E54-4A66-9517-DA6FCBA08837}.Release|Any CPU.Deploy.0 = Release|Any CPU
	EndGlobalSection
	GlobalSection(SolutionProperties) = preSolution
		HideSolutionNode = FALSE
	EndGlobalSection
	GlobalSection(ExtensibilityGlobals) = postSolution
		SolutionGuid = {32EB9D48-D92F-42FD-8D9A-E4A1E1641DF9}
	EndGlobalSection
EndGlobal
