
Microsoft Visual Studio Solution File, Format Version 12.00
# Visual Studio Version 16
VisualStudioVersion = 16.0.30804.86
MinimumVisualStudioVersion = 10.0.40219.1
Project("{FAE04EC0-301F-11D3-BF4B-00C04F79EFBC}") = "GIBDD_project", "GIBDD_project.csproj", "{64B09F4C-19EB-4B14-870D-0C6FB6F681B5}"
EndProject
Global
	GlobalSection(SolutionConfigurationPlatforms) = preSolution
		Debug|Any CPU = Debug|Any CPU
		Release|Any CPU = Release|Any CPU
	EndGlobalSection
	GlobalSection(ProjectConfigurationPlatforms) = postSolution
		{64B09F4C-19EB-4B14-870D-0C6FB6F681B5}.Debug|Any CPU.ActiveCfg = Debug|Any CPU
		{64B09F4C-19EB-4B14-870D-0C6FB6F681B5}.Debug|Any CPU.Build.0 = Debug|Any CPU
		{64B09F4C-19EB-4B14-870D-0C6FB6F681B5}.Release|Any CPU.ActiveCfg = Release|Any CPU
		{64B09F4C-19EB-4B14-870D-0C6FB6F681B5}.Release|Any CPU.Build.0 = Release|Any CPU
	EndGlobalSection
	GlobalSection(SolutionProperties) = preSolution
		HideSolutionNode = FALSE
	EndGlobalSection
	GlobalSection(ExtensibilityGlobals) = postSolution
		SolutionGuid = {188F69D5-D5EB-4239-97E6-E38F935A755B}
	EndGlobalSection
EndGlobal
