
Microsoft Visual Studio Solution File, Format Version 12.00
# Visual Studio Version 16
VisualStudioVersion = 16.0.30804.86
MinimumVisualStudioVersion = 10.0.40219.1
Project("{FAE04EC0-301F-11D3-BF4B-00C04F79EFBC}") = "testlogin", "testlogin.csproj", "{9ED31698-879F-4B2E-BD6C-7FDA76D7752D}"
EndProject
Global
	GlobalSection(SolutionConfigurationPlatforms) = preSolution
		Debug|Any CPU = Debug|Any CPU
		Release|Any CPU = Release|Any CPU
	EndGlobalSection
	GlobalSection(ProjectConfigurationPlatforms) = postSolution
		{9ED31698-879F-4B2E-BD6C-7FDA76D7752D}.Debug|Any CPU.ActiveCfg = Debug|Any CPU
		{9ED31698-879F-4B2E-BD6C-7FDA76D7752D}.Debug|Any CPU.Build.0 = Debug|Any CPU
		{9ED31698-879F-4B2E-BD6C-7FDA76D7752D}.Release|Any CPU.ActiveCfg = Release|Any CPU
		{9ED31698-879F-4B2E-BD6C-7FDA76D7752D}.Release|Any CPU.Build.0 = Release|Any CPU
	EndGlobalSection
	GlobalSection(SolutionProperties) = preSolution
		HideSolutionNode = FALSE
	EndGlobalSection
	GlobalSection(ExtensibilityGlobals) = postSolution
		SolutionGuid = {81E4F352-2EDE-4D05-AC00-23C2CC70BAAA}
	EndGlobalSection
EndGlobal
